# THIS IS AN AUTOGENERATED FILE. DO NOT EDIT THIS FILE DIRECTLY.
# yarn lockfile v1


lodash@^4.17.21:
  version "4.17.21"
  resolved "https://perkbox-491933125842.d.codeartifact.eu-west-1.amazonaws.com:443/npm/frontend/lodash/-/lodash-4.17.21.tgz#679591c564c3bffaae8454cf0b3df370c3d6911c"
  integrity sha512-v2kDEe57lecTulaDIuNTPy3Ry4gLGJ6Z1O3vE1krgXZNrsQ+LFTGHVxVjcXPs17LhbZVGedAJv8XZ1tvj5FvSg==

ramda@0.25:
  version "0.25.0"
  resolved "https://perkbox-491933125842.d.codeartifact.eu-west-1.amazonaws.com:443/npm/frontend/ramda/-/ramda-0.25.0.tgz#8fdf68231cffa90bc2f9460390a0cb74a29b29a9"
  integrity sha512-GXpfrYVPwx3K7RQ6aYT8KPS8XViSXUVJT1ONhoKPE9VAleW42YE+U+8VEyGWt41EnEQW7gwecYJriTI0pKoecQ==

ramda@^0.28.0:
  version "0.28.0"
  resolved "https://registry.yarnpkg.com/ramda/-/ramda-0.28.0.tgz#acd785690100337e8b063cab3470019be427cc97"
  integrity sha512-9QnLuG/kPVgWvMQ4aODhsBUFKOUmnbUnsSXACv+NCQZcHbeb+v8Lodp8OVxtRULN1/xOyYLLaL6npE6dMq5QTA==

xstate@^4.35.1:
  version "4.35.1"
  resolved "https://perkbox-491933125842.d.codeartifact.eu-west-1.amazonaws.com:443/npm/frontend/xstate/-/xstate-4.35.1.tgz#f2ea205e6e47cca285336a8f44ef2c154c9629a5"
  integrity sha512-imxk6+76HJRt7qHrUnWnAjaHHhAsUKoVa+PXkyaPd3Gll0VjZsy6/L+FkatIJnjI5Kpwp0R8k63KfIFnzVLskQ==
